<Solution>
  <Project Path="Portfolio.Business/Portfolio.Business.csproj" />
  <Project Path="Portfolio.Common/Portfolio.Common.csproj" />
  <Project Path="Portfolio.DataAccess/Portfolio.DataAccess.csproj" />
  <Project Path="Portfolio.Entity/Portfolio.Entity.csproj" Id="7ac84f42-922d-4189-82d3-62906f3c37b3" />
  <Project Path="Portfolio.UI/Portfolio.UI.csproj" />
</Solution>
